// !$*UTF8*$!
{
	archiveVersion = 1;
	classes = {
	};
	objectVersion = 48;
	objects = {

/* Begin PBXBuildFile section */
		379C0A881EB89A8BA00F0C56 /* Pods_FirebaseTodoList.framework in Frameworks */ = {isa = PBXBuildFile; fileRef = 77D13A6DE20DC9698BED83AD /* Pods_FirebaseTodoList.framework */; };
		8D3E4BF11FD26808007142C9 /* AppDelegate.swift in Sources */ = {isa = PBXBuildFile; fileRef = 8D3E4BF01FD26808007142C9 /* AppDelegate.swift */; };
		8D3E4BF31FD26808007142C9 /* ViewController.swift in Sources */ = {isa = PBXBuildFile; fileRef = 8D3E4BF21FD26808007142C9 /* ViewController.swift */; };
		8D3E4BF61FD26808007142C9 /* Main.storyboard in Resources */ = {isa = PBXBuildFile; fileRef = 8D3E4BF41FD26808007142C9 /* Main.storyboard */; };
		8D3E4BF81FD26808007142C9 /* Assets.xcassets in Resources */ = {isa = PBXBuildFile; fileRef = 8D3E4BF71FD26808007142C9 /* Assets.xcassets */; };
		8D3E4BFB1FD26808007142C9 /* LaunchScreen.storyboard in Resources */ = {isa = PBXBuildFile; fileRef = 8D3E4BF91FD26808007142C9 /* LaunchScreen.storyboard */; };
		8D3E4C031FD2F7AD007142C9 /* GoogleService-Info.plist in Resources */ = {isa = PBXBuildFile; fileRef = 8D3E4C021FD2F7AD007142C9 /* GoogleService-Info.plist */; };
/* End PBXBuildFile section */

/* Begin PBXFileReference section */
		43F2813F682AD889548EC296 /* Pods-FirebaseTodoList.debug.xcconfig */ = {isa = PBXFileReference; includeInIndex = 1; lastKnownFileType = text.xcconfig; name = "Pods-FirebaseTodoList.debug.xcconfig"; path = "Pods/Target Support Files/Pods-FirebaseTodoList/Pods-FirebaseTodoList.debug.xcconfig"; sourceTree = "<group>"; };
		447E668CE69CF3558D2E7EE9 /* Pods-FirebaseTodoList.release.xcconfig */ = {isa = PBXFileReference; includeInIndex = 1; lastKnownFileType = text.xcconfig; name = "Pods-FirebaseTodoList.release.xcconfig"; path = "Pods/Target Support Files/Pods-FirebaseTodoList/Pods-FirebaseTodoList.release.xcconfig"; sourceTree = "<group>"; };
		77D13A6DE20DC9698BED83AD /* Pods_FirebaseTodoList.framework */ = {isa = PBXFileReference; explicitFileType = wrapper.framework; includeInIndex = 0; path = Pods_FirebaseTodoList.framework; sourceTree = BUILT_PRODUCTS_DIR; };
		8D3E4BED1FD26808007142C9 /* FirebaseTodoList.app */ = {isa = PBXFileReference; explicitFileType = wrapper.application; includeInIndex = 0; path = FirebaseTodoList.app; sourceTree = BUILT_PRODUCTS_DIR; };
		8D3E4BF01FD26808007142C9 /* AppDelegate.swift */ = {isa = PBXFileReference; lastKnownFileType = sourcecode.swift; path = AppDelegate.swift; sourceTree = "<group>"; };
		8D3E4BF21FD26808007142C9 /* ViewController.swift */ = {isa = PBXFileReference; lastKnownFileType = sourcecode.swift; path = ViewController.swift; sourceTree = "<group>"; };
		8D3E4BF51FD26808007142C9 /* Base */ = {isa = PBXFileReference; lastKnownFileType = file.storyboard; name = Base; path = Base.lproj/Main.storyboard; sourceTree = "<group>"; };
		8D3E4BF71FD26808007142C9 /* Assets.xcassets */ = {isa = PBXFileReference; lastKnownFileType = folder.assetcatalog; path = Assets.xcassets; sourceTree = "<group>"; };
		8D3E4BFA1FD26808007142C9 /* Base */ = {isa = PBXFileReference; lastKnownFileType = file.storyboard; name = Base; path = Base.lproj/LaunchScreen.storyboard; sourceTree = "<group>"; };
		8D3E4BFC1FD26808007142C9 /* Info.plist */ = {isa = PBXFileReference; lastKnownFileType = text.plist.xml; path = Info.plist; sourceTree = "<group>"; };
		8D3E4C021FD2F7AD007142C9 /* GoogleService-Info.plist */ = {isa = PBXFileReference; fileEncoding = 4; lastKnownFileType = text.plist.xml; path = "GoogleService-Info.plist"; sourceTree = "<group>"; };
/* End PBXFileReference section */

/* Begin PBXFrameworksBuildPhase section */
		8D3E4BEA1FD26808007142C9 /* Frameworks */ = {
			isa = PBXFrameworksBuildPhase;
			buildActionMask = 2147483647;
			files = (
				379C0A881EB89A8BA00F0C56 /* Pods_FirebaseTodoList.framework in Frameworks */,
			);
			runOnlyForDeploymentPostprocessing = 0;
		};
/* End PBXFrameworksBuildPhase section */

/* Begin PBXGroup section */
		4BB9375617403BDD99A9BEB4 /* Pods */ = {
			isa = PBXGroup;
			children = (
				43F2813F682AD889548EC296 /* Pods-FirebaseTodoList.debug.xcconfig */,
				447E668CE69CF3558D2E7EE9 /* Pods-FirebaseTodoList.release.xcconfig */,
			);
			name = Pods;
			sourceTree = "<group>";
		};
		8D3E4BE41FD26808007142C9 = {
			isa = PBXGroup;
			children = (
				8D3E4BEF1FD26808007142C9 /* FirebaseTodoList */,
				8D3E4BEE1FD26808007142C9 /* Products */,
				4BB9375617403BDD99A9BEB4 /* Pods */,
				C72CB335B534F26B1487F28A /* Frameworks */,
			);
			sourceTree = "<group>";
		};
		8D3E4BEE1FD26808007142C9 /* Products */ = {
			isa = PBXGroup;
			children = (
				8D3E4BED1FD26808007142C9 /* FirebaseTodoList.app */,
			);
			name = Products;
			sourceTree = "<group>";
		};
		8D3E4BEF1FD26808007142C9 /* FirebaseTodoList */ = {
			isa = PBXGroup;
			children = (
				8D3E4BF01FD26808007142C9 /* AppDelegate.swift */,
				8D3E4C061FD2FE13007142C9 /* Model */,
				8D3E4C051FD2FE0A007142C9 /* Controllers */,
				8D3E4C041FD2FE02007142C9 /* View */,
				8D3E4BF41FD26808007142C9 /* Main.storyboard */,
				8D3E4BF71FD26808007142C9 /* Assets.xcassets */,
				8D3E4BF91FD26808007142C9 /* LaunchScreen.storyboard */,
				8D3E4C021FD2F7AD007142C9 /* GoogleService-Info.plist */,
				8D3E4BFC1FD26808007142C9 /* Info.plist */,
			);
			path = FirebaseTodoList;
			sourceTree = "<group>";
		};
		8D3E4C041FD2FE02007142C9 /* View */ = {
			isa = PBXGroup;
			children = (
			);
			path = View;
			sourceTree = "<group>";
		};
		8D3E4C051FD2FE0A007142C9 /* Controllers */ = {
			isa = PBXGroup;
			children = (
				8D3E4BF21FD26808007142C9 /* ViewController.swift */,
			);
			path = Controllers;
			sourceTree = "<group>";
		};
		8D3E4C061FD2FE13007142C9 /* Model */ = {
			isa = PBXGroup;
			children = (
			);
			path = Model;
			sourceTree = "<group>";
		};
		C72CB335B534F26B1487F28A /* Frameworks */ = {
			isa = PBXGroup;
			children = (
				77D13A6DE20DC9698BED83AD /* Pods_FirebaseTodoList.framework */,
			);
			name = Frameworks;
			sourceTree = "<group>";
		};
/* End PBXGroup section */

/* Begin PBXNativeTarget section */
		8D3E4BEC1FD26808007142C9 /* FirebaseTodoList */ = {
			isa = PBXNativeTarget;
			buildConfigurationList = 8D3E4BFF1FD26808007142C9 /* Build configuration list for PBXNativeTarget "FirebaseTodoList" */;
			buildPhases = (
				960C3F684E52F856CC0DF34D /* [CP] Check Pods Manifest.lock */,
				8D3E4BE91FD26808007142C9 /* Sources */,
				8D3E4BEA1FD26808007142C9 /* Frameworks */,
				8D3E4BEB1FD26808007142C9 /* Resources */,
				1B0D8A863C7AD4330320EEAE /* [CP] Embed Pods Frameworks */,
				3C0B8DC8688F513B1237F0F7 /* [CP] Copy Pods Resources */,
			);
			buildRules = (
			);
			dependencies = (
			);
			name = FirebaseTodoList;
			productName = FirebaseTodoList;
			productReference = 8D3E4BED1FD26808007142C9 /* FirebaseTodoList.app */;
			productType = "com.apple.product-type.application";
		};
/* End PBXNativeTarget section */

/* Begin PBXProject section */
		8D3E4BE51FD26808007142C9 /* Project object */ = {
			isa = PBXProject;
			attributes = {
				LastSwiftUpdateCheck = 0910;
				LastUpgradeCheck = 0910;
				ORGANIZATIONNAME = "Israel Manzo";
				TargetAttributes = {
					8D3E4BEC1FD26808007142C9 = {
						CreatedOnToolsVersion = 9.1;
						ProvisioningStyle = Automatic;
					};
				};
			};
			buildConfigurationList = 8D3E4BE81FD26808007142C9 /* Build configuration list for PBXProject "FirebaseTodoList" */;
			compatibilityVersion = "Xcode 8.0";
			developmentRegion = en;
			hasScannedForEncodings = 0;
			knownRegions = (
				en,
				Base,
			);
			mainGroup = 8D3E4BE41FD26808007142C9;
			productRefGroup = 8D3E4BEE1FD26808007142C9 /* Products */;
			projectDirPath = "";
			projectRoot = "";
			targets = (
				8D3E4BEC1FD26808007142C9 /* FirebaseTodoList */,
			);
		};
/* End PBXProject section */

/* Begin PBXResourcesBuildPhase section */
		8D3E4BEB1FD26808007142C9 /* Resources */ = {
			isa = PBXResourcesBuildPhase;
			buildActionMask = 2147483647;
			files = (
				8D3E4BFB1FD26808007142C9 /* LaunchScreen.storyboard in Resources */,
				8D3E4C031FD2F7AD007142C9 /* GoogleService-Info.plist in Resources */,
				8D3E4BF81FD26808007142C9 /* Assets.xcassets in Resources */,
				8D3E4BF61FD26808007142C9 /* Main.storyboard in Resources */,
			);
			runOnlyForDeploymentPostprocessing = 0;
		};
/* End PBXResourcesBuildPhase section */

/* Begin PBXShellScriptBuildPhase section */
		1B0D8A863C7AD4330320EEAE /* [CP] Embed Pods Frameworks */ = {
			isa = PBXShellScriptBuildPhase;
			buildActionMask = 2147483647;
			files = (
			);
			inputPaths = (
				"${SRCROOT}/Pods/Target Support Files/Pods-FirebaseTodoList/Pods-FirebaseTodoList-frameworks.sh",
				"${BUILT_PRODUCTS_DIR}/GoogleToolboxForMac/GoogleToolboxForMac.framework",
				"${BUILT_PRODUCTS_DIR}/nanopb/nanopb.framework",
			);
			name = "[CP] Embed Pods Frameworks";
			outputPaths = (
				"${TARGET_BUILD_DIR}/${FRAMEWORKS_FOLDER_PATH}/GoogleToolboxForMac.framework",
				"${TARGET_BUILD_DIR}/${FRAMEWORKS_FOLDER_PATH}/nanopb.framework",
			);
			runOnlyForDeploymentPostprocessing = 0;
			shellPath = /bin/sh;
			shellScript = "\"${SRCROOT}/Pods/Target Support Files/Pods-FirebaseTodoList/Pods-FirebaseTodoList-frameworks.sh\"\n";
			showEnvVarsInLog = 0;
		};
		3C0B8DC8688F513B1237F0F7 /* [CP] Copy Pods Resources */ = {
			isa = PBXShellScriptBuildPhase;
			buildActionMask = 2147483647;
			files = (
			);
			inputPaths = (
			);
			name = "[CP] Copy Pods Resources";
			outputPaths = (
			);
			runOnlyForDeploymentPostprocessing = 0;
			shellPath = /bin/sh;
			shellScript = "\"${SRCROOT}/Pods/Target Support Files/Pods-FirebaseTodoList/Pods-FirebaseTodoList-resources.sh\"\n";
			showEnvVarsInLog = 0;
		};
		960C3F684E52F856CC0DF34D /* [CP] Check Pods Manifest.lock */ = {
			isa = PBXShellScriptBuildPhase;
			buildActionMask = 2147483647;
			files = (
			);
			inputPaths = (
				"${PODS_PODFILE_DIR_PATH}/Podfile.lock",
				"${PODS_ROOT}/Manifest.lock",
			);
			name = "[CP] Check Pods Manifest.lock";
			outputPaths = (
				"$(DERIVED_FILE_DIR)/Pods-FirebaseTodoList-checkManifestLockResult.txt",
			);
			runOnlyForDeploymentPostprocessing = 0;
			shellPath = /bin/sh;
			shellScript = "diff \"${PODS_PODFILE_DIR_PATH}/Podfile.lock\" \"${PODS_ROOT}/Manifest.lock\" > /dev/null\nif [ $? != 0 ] ; then\n    # print error to STDERR\n    echo \"error: The sandbox is not in sync with the Podfile.lock. Run 'pod install' or update your CocoaPods installation.\" >&2\n    exit 1\nfi\n# This output is used by Xcode 'outputs' to avoid re-running this script phase.\necho \"SUCCESS\" > \"${SCRIPT_OUTPUT_FILE_0}\"\n";
			showEnvVarsInLog = 0;
		};
/* End PBXShellScriptBuildPhase section */

/* Begin PBXSourcesBuildPhase section */
		8D3E4BE91FD26808007142C9 /* Sources */ = {
			isa = PBXSourcesBuildPhase;
			buildActionMask = 2147483647;
			files = (
				8D3E4BF31FD26808007142C9 /* ViewController.swift in Sources */,
				8D3E4BF11FD26808007142C9 /* AppDelegate.swift in Sources */,
			);
			runOnlyForDeploymentPostprocessing = 0;
		};
/* End PBXSourcesBuildPhase section */

/* Begin PBXVariantGroup section */
		8D3E4BF41FD26808007142C9 /* Main.storyboard */ = {
			isa = PBXVariantGroup;
			children = (
				8D3E4BF51FD26808007142C9 /* Base */,
			);
			name = Main.storyboard;
			sourceTree = "<group>";
		};
		8D3E4BF91FD26808007142C9 /* LaunchScreen.storyboard */ = {
			isa = PBXVariantGroup;
			children = (
				8D3E4BFA1FD26808007142C9 /* Base */,
			);
			name = LaunchScreen.storyboard;
			sourceTree = "<group>";
		};
/* End PBXVariantGroup section */

/* Begin XCBuildConfiguration section */
		8D3E4BFD1FD26808007142C9 /* Debug */ = {
			isa = XCBuildConfiguration;
			buildSettings = {
				ALWAYS_SEARCH_USER_PATHS = NO;
				CLANG_ANALYZER_NONNULL = YES;
				CLANG_ANALYZER_NUMBER_OBJECT_CONVERSION = YES_AGGRESSIVE;
				CLANG_CXX_LANGUAGE_STANDARD = "gnu++14";
				CLANG_CXX_LIBRARY = "libc++";
				CLANG_ENABLE_MODULES = YES;
				CLANG_ENABLE_OBJC_ARC = YES;
				CLANG_WARN_BLOCK_CAPTURE_AUTORELEASING = YES;
				CLANG_WARN_BOOL_CONVERSION = YES;
				CLANG_WARN_COMMA = YES;
				CLANG_WARN_CONSTANT_CONVERSION = YES;
				CLANG_WARN_DIRECT_OBJC_ISA_USAGE = YES_ERROR;
				CLANG_WARN_DOCUMENTATION_COMMENTS = YES;
				CLANG_WARN_EMPTY_BODY = YES;
				CLANG_WARN_ENUM_CONVERSION = YES;
				CLANG_WARN_INFINITE_RECURSION = YES;
				CLANG_WARN_INT_CONVERSION = YES;
				CLANG_WARN_NON_LITERAL_NULL_CONVERSION = YES;
				CLANG_WARN_OBJC_LITERAL_CONVERSION = YES;
				CLANG_WARN_OBJC_ROOT_CLASS = YES_ERROR;
				CLANG_WARN_RANGE_LOOP_ANALYSIS = YES;
				CLANG_WARN_STRICT_PROTOTYPES = YES;
				CLANG_WARN_SUSPICIOUS_MOVE = YES;
				CLANG_WARN_UNGUARDED_AVAILABILITY = YES_AGGRESSIVE;
				CLANG_WARN_UNREACHABLE_CODE = YES;
				CLANG_WARN__DUPLICATE_METHOD_MATCH = YES;
				CODE_SIGN_IDENTITY = "iPhone Developer";
				COPY_PHASE_STRIP = NO;
				DEBUG_INFORMATION_FORMAT = dwarf;
				ENABLE_STRICT_OBJC_MSGSEND = YES;
				ENABLE_TESTABILITY = YES;
				GCC_C_LANGUAGE_STANDARD = gnu11;
				GCC_DYNAMIC_NO_PIC = NO;
				GCC_NO_COMMON_BLOCKS = YES;
				GCC_OPTIMIZATION_LEVEL = 0;
				GCC_PREPROCESSOR_DEFINITIONS = (
					"DEBUG=1",
					"$(inherited)",
				);
				GCC_WARN_64_TO_32_BIT_CONVERSION = YES;
				GCC_WARN_ABOUT_RETURN_TYPE = YES_ERROR;
				GCC_WARN_UNDECLARED_SELECTOR = YES;
				GCC_WARN_UNINITIALIZED_AUTOS = YES_AGGRESSIVE;
				GCC_WARN_UNUSED_FUNCTION = YES;
				GCC_WARN_UNUSED_VARIABLE = YES;
				IPHONEOS_DEPLOYMENT_TARGET = 11.1;
				MTL_ENABLE_DEBUG_INFO = YES;
				ONLY_ACTIVE_ARCH = YES;
				SDKROOT = iphoneos;
				SWIFT_ACTIVE_COMPILATION_CONDITIONS = DEBUG;
				SWIFT_OPTIMIZATION_LEVEL = "-Onone";
			};
			name = Debug;
		};
		8D3E4BFE1FD26808007142C9 /* Release */ = {
			isa = XCBuildConfiguration;
			buildSettings = {
				ALWAYS_SEARCH_USER_PATHS = NO;
				CLANG_ANALYZER_NONNULL = YES;
				CLANG_ANALYZER_NUMBER_OBJECT_CONVERSION = YES_AGGRESSIVE;
				CLANG_CXX_LANGUAGE_STANDARD = "gnu++14";
				CLANG_CXX_LIBRARY = "libc++";
				CLANG_ENABLE_MODULES = YES;
				CLANG_ENABLE_OBJC_ARC = YES;
				CLANG_WARN_BLOCK_CAPTURE_AUTORELEASING = YES;
				CLANG_WARN_BOOL_CONVERSION = YES;
				CLANG_WARN_COMMA = YES;
				CLANG_WARN_CONSTANT_CONVERSION = YES;
				CLANG_WARN_DIRECT_OBJC_ISA_USAGE = YES_ERROR;
				CLANG_WARN_DOCUMENTATION_COMMENTS = YES;
				CLANG_WARN_EMPTY_BODY = YES;
				CLANG_WARN_ENUM_CONVERSION = YES;
				CLANG_WARN_INFINITE_RECURSION = YES;
				CLANG_WARN_INT_CONVERSION = YES;
				CLANG_WARN_NON_LITERAL_NULL_CONVERSION = YES;
				CLANG_WARN_OBJC_LITERAL_CONVERSION = YES;
				CLANG_WARN_OBJC_ROOT_CLASS = YES_ERROR;
				CLANG_WARN_RANGE_LOOP_ANALYSIS = YES;
				CLANG_WARN_STRICT_PROTOTYPES = YES;
				CLANG_WARN_SUSPICIOUS_MOVE = YES;
				CLANG_WARN_UNGUARDED_AVAILABILITY = YES_AGGRESSIVE;
				CLANG_WARN_UNREACHABLE_CODE = YES;
				CLANG_WARN__DUPLICATE_METHOD_MATCH = YES;
				CODE_SIGN_IDENTITY = "iPhone Developer";
				COPY_PHASE_STRIP = NO;
				DEBUG_INFORMATION_FORMAT = "dwarf-with-dsym";
				ENABLE_NS_ASSERTIONS = NO;
				ENABLE_STRICT_OBJC_MSGSEND = YES;
				GCC_C_LANGUAGE_STANDARD = gnu11;
				GCC_NO_COMMON_BLOCKS = YES;
				GCC_WARN_64_TO_32_BIT_CONVERSION = YES;
				GCC_WARN_ABOUT_RETURN_TYPE = YES_ERROR;
				GCC_WARN_UNDECLARED_SELECTOR = YES;
				GCC_WARN_UNINITIALIZED_AUTOS = YES_AGGRESSIVE;
				GCC_WARN_UNUSED_FUNCTION = YES;
				GCC_WARN_UNUSED_VARIABLE = YES;
				IPHONEOS_DEPLOYMENT_TARGET = 11.1;
				MTL_ENABLE_DEBUG_INFO = NO;
				SDKROOT = iphoneos;
				SWIFT_OPTIMIZATION_LEVEL = "-Owholemodule";
				VALIDATE_PRODUCT = YES;
			};
			name = Release;
		};
		8D3E4C001FD26808007142C9 /* Debug */ = {
			isa = XCBuildConfiguration;
			baseConfigurationReference = 43F2813F682AD889548EC296 /* Pods-FirebaseTodoList.debug.xcconfig */;
			buildSettings = {
				ASSETCATALOG_COMPILER_APPICON_NAME = AppIcon;
				CODE_SIGN_STYLE = Automatic;
				DEVELOPMENT_TEAM = 6DC9LP75VX;
				INFOPLIST_FILE = FirebaseTodoList/Info.plist;
				LD_RUNPATH_SEARCH_PATHS = "$(inherited) @executable_path/Frameworks";
				PRODUCT_BUNDLE_IDENTIFIER = com.example.inclass.FirebaseTodoList;
				PRODUCT_NAME = "$(TARGET_NAME)";
				SWIFT_VERSION = 4.0;
				TARGETED_DEVICE_FAMILY = "1,2";
			};
			name = Debug;
		};
		8D3E4C011FD26808007142C9 /* Release */ = {
			isa = XCBuildConfiguration;
			baseConfigurationReference = 447E668CE69CF3558D2E7EE9 /* Pods-FirebaseTodoList.release.xcconfig */;
			buildSettings = {
				ASSETCATALOG_COMPILER_APPICON_NAME = AppIcon;
				CODE_SIGN_STYLE = Automatic;
				DEVELOPMENT_TEAM = 6DC9LP75VX;
				INFOPLIST_FILE = FirebaseTodoList/Info.plist;
				LD_RUNPATH_SEARCH_PATHS = "$(inherited) @executable_path/Frameworks";
				PRODUCT_BUNDLE_IDENTIFIER = com.example.inclass.FirebaseTodoList;
				PRODUCT_NAME = "$(TARGET_NAME)";
				SWIFT_VERSION = 4.0;
				TARGETED_DEVICE_FAMILY = "1,2";
			};
			name = Release;
		};
/* End XCBuildConfiguration section */

/* Begin XCConfigurationList section */
		8D3E4BE81FD26808007142C9 /* Build configuration list for PBXProject "FirebaseTodoList" */ = {
			isa = XCConfigurationList;
			buildConfigurations = (
				8D3E4BFD1FD26808007142C9 /* Debug */,
				8D3E4BFE1FD26808007142C9 /* Release */,
			);
			defaultConfigurationIsVisible = 0;
			defaultConfigurationName = Release;
		};
		8D3E4BFF1FD26808007142C9 /* Build configuration list for PBXNativeTarget "FirebaseTodoList" */ = {
			isa = XCConfigurationList;
			buildConfigurations = (
				8D3E4C001FD26808007142C9 /* Debug */,
				8D3E4C011FD26808007142C9 /* Release */,
			);
			defaultConfigurationIsVisible = 0;
			defaultConfigurationName = Release;
		};
/* End XCConfigurationList section */
	};
	rootObject = 8D3E4BE51FD26808007142C9 /* Project object */;
}
